
Microsoft Visual Studio Solution File, Format Version 12.00
# Visual Studio Version 16
VisualStudioVersion = 16.0.30804.86
MinimumVisualStudioVersion = 15.0.26124.0
Project("{9A19103F-16F7-4668-BE54-9A1E7A4F7556}") = "ClimaD", "ClimaD\ClimaD.csproj", "{3E09BD44-3FCE-4CED-B3DB-4F6327B1B8BC}"
EndProject
Project("{9A19103F-16F7-4668-BE54-9A1E7A4F7556}") = "Clima.Services", "Clima.Services\Clima.Services.csproj", "{B84F8B92-D67B-4131-A377-B36A2D2F6941}"
EndProject
Project("{2150E333-8FDC-42A3-9474-1A3956D46DE8}") = "Services", "Services", "{DBDBBDB0-C46E-11EB-85D2-F5DF8E83D940}"
EndProject
Project("{9A19103F-16F7-4668-BE54-9A1E7A4F7556}") = "Clima.GrpcServer", "Services\Clima.GrpcServer\Clima.GrpcServer.csproj", "{05B3A7B5-3892-4A48-8684-835D98B02A4E}"
EndProject
Project("{9A19103F-16F7-4668-BE54-9A1E7A4F7556}") = "TestGrpcClient", "TestGrpcClient\TestGrpcClient.csproj", "{990586AD-6F9D-404A-83BB-3CD98119DEB8}"
EndProject
Project("{9A19103F-16F7-4668-BE54-9A1E7A4F7556}") = "Clima.AgavaModBusIO", "Services\Clima.AgavaModBusIO\Clima.AgavaModBusIO.csproj", "{701E6700-EA8B-4E76-A37C-FE05EB6DBD9E}"
EndProject
Project("{9A19103F-16F7-4668-BE54-9A1E7A4F7556}") = "Clima.Core", "Clima.Core\Clima.Core.csproj", "{360D3A0C-333B-4768-93B1-3D028362D5BC}"
EndProject
Project("{2150E333-8FDC-42A3-9474-1A3956D46DE8}") = "Tests", "Tests", "{3F2B0E5D-E533-4ACA-87A3-B4C5D405EEFF}"
EndProject
Project("{FAE04EC0-301F-11D3-BF4B-00C04F79EFBC}") = "AgavaIOService.Test", "Tests\AgavaIOService.Test\AgavaIOService.Test.csproj", "{4E62A3A7-0DE0-4B88-89EC-BE4BBBC1D1C9}"
EndProject
Project("{FAE04EC0-301F-11D3-BF4B-00C04F79EFBC}") = "Clima.Services.Tests", "Tests\Clima.Services.Tests\Clima.Services.Tests.csproj", "{AB0FFF91-8E80-4A04-8891-ABB1881E2921}"
EndProject
Project("{FAE04EC0-301F-11D3-BF4B-00C04F79EFBC}") = "Clima.NewtonSoftJsonSerializer", "Services\Clima.NewtonSoftJsonSerializer\Clima.NewtonSoftJsonSerializer.csproj", "{D01C4F6B-3A84-4CE5-98D9-3860A9205F2C}"
EndProject
Project("{FAE04EC0-301F-11D3-BF4B-00C04F79EFBC}") = "Clima.Services.Devices", "Services\Clima.Services.Devices\Clima.Services.Devices.csproj", "{88974A36-6A29-4CA5-9D08-E4C018A64ACB}"
EndProject
Project("{FAE04EC0-301F-11D3-BF4B-00C04F79EFBC}") = "Clima.LocalDataBase", "Services\Clima.LocalDataBase\Clima.LocalDataBase.csproj", "{C0E9C47F-55F2-471F-A30B-83795BDCEF61}"
EndProject
Project("{FAE04EC0-301F-11D3-BF4B-00C04F79EFBC}") = "Clima.DataModel", "Clima.DataModel\Clima.DataModel.csproj", "{985FC74A-F20B-430B-A953-16309D53B852}"
EndProject
Project("{FAE04EC0-301F-11D3-BF4B-00C04F79EFBC}") = "Clima.TcpServer", "Services\Clima.TcpServer\Clima.TcpServer.csproj", "{8B5F9FC6-8D85-4828-ACAE-F954F9459ED0}"
EndProject
Global
	GlobalSection(SolutionConfigurationPlatforms) = preSolution
		Debug|Any CPU = Debug|Any CPU
		Debug|x64 = Debug|x64
		Debug|x86 = Debug|x86
		Release|Any CPU = Release|Any CPU
		Release|x64 = Release|x64
		Release|x86 = Release|x86
	EndGlobalSection
	GlobalSection(ProjectConfigurationPlatforms) = postSolution
		{3E09BD44-3FCE-4CED-B3DB-4F6327B1B8BC}.Debug|Any CPU.ActiveCfg = Debug|Any CPU
		{3E09BD44-3FCE-4CED-B3DB-4F6327B1B8BC}.Debug|Any CPU.Build.0 = Debug|Any CPU
		{3E09BD44-3FCE-4CED-B3DB-4F6327B1B8BC}.Debug|x64.ActiveCfg = Debug|Any CPU
		{3E09BD44-3FCE-4CED-B3DB-4F6327B1B8BC}.Debug|x64.Build.0 = Debug|Any CPU
		{3E09BD44-3FCE-4CED-B3DB-4F6327B1B8BC}.Debug|x86.ActiveCfg = Debug|Any CPU
		{3E09BD44-3FCE-4CED-B3DB-4F6327B1B8BC}.Debug|x86.Build.0 = Debug|Any CPU
		{3E09BD44-3FCE-4CED-B3DB-4F6327B1B8BC}.Release|Any CPU.ActiveCfg = Release|Any CPU
		{3E09BD44-3FCE-4CED-B3DB-4F6327B1B8BC}.Release|Any CPU.Build.0 = Release|Any CPU
		{3E09BD44-3FCE-4CED-B3DB-4F6327B1B8BC}.Release|x64.ActiveCfg = Release|Any CPU
		{3E09BD44-3FCE-4CED-B3DB-4F6327B1B8BC}.Release|x64.Build.0 = Release|Any CPU
		{3E09BD44-3FCE-4CED-B3DB-4F6327B1B8BC}.Release|x86.ActiveCfg = Release|Any CPU
		{3E09BD44-3FCE-4CED-B3DB-4F6327B1B8BC}.Release|x86.Build.0 = Release|Any CPU
		{B84F8B92-D67B-4131-A377-B36A2D2F6941}.Debug|Any CPU.ActiveCfg = Debug|Any CPU
		{B84F8B92-D67B-4131-A377-B36A2D2F6941}.Debug|Any CPU.Build.0 = Debug|Any CPU
		{B84F8B92-D67B-4131-A377-B36A2D2F6941}.Debug|x64.ActiveCfg = Debug|Any CPU
		{B84F8B92-D67B-4131-A377-B36A2D2F6941}.Debug|x64.Build.0 = Debug|Any CPU
		{B84F8B92-D67B-4131-A377-B36A2D2F6941}.Debug|x86.ActiveCfg = Debug|Any CPU
		{B84F8B92-D67B-4131-A377-B36A2D2F6941}.Debug|x86.Build.0 = Debug|Any CPU
		{B84F8B92-D67B-4131-A377-B36A2D2F6941}.Release|Any CPU.ActiveCfg = Release|Any CPU
		{B84F8B92-D67B-4131-A377-B36A2D2F6941}.Release|Any CPU.Build.0 = Release|Any CPU
		{B84F8B92-D67B-4131-A377-B36A2D2F6941}.Release|x64.ActiveCfg = Release|Any CPU
		{B84F8B92-D67B-4131-A377-B36A2D2F6941}.Release|x64.Build.0 = Release|Any CPU
		{B84F8B92-D67B-4131-A377-B36A2D2F6941}.Release|x86.ActiveCfg = Release|Any CPU
		{B84F8B92-D67B-4131-A377-B36A2D2F6941}.Release|x86.Build.0 = Release|Any CPU
		{05B3A7B5-3892-4A48-8684-835D98B02A4E}.Debug|Any CPU.ActiveCfg = Debug|Any CPU
		{05B3A7B5-3892-4A48-8684-835D98B02A4E}.Debug|Any CPU.Build.0 = Debug|Any CPU
		{05B3A7B5-3892-4A48-8684-835D98B02A4E}.Debug|x64.ActiveCfg = Debug|Any CPU
		{05B3A7B5-3892-4A48-8684-835D98B02A4E}.Debug|x64.Build.0 = Debug|Any CPU
		{05B3A7B5-3892-4A48-8684-835D98B02A4E}.Debug|x86.ActiveCfg = Debug|Any CPU
		{05B3A7B5-3892-4A48-8684-835D98B02A4E}.Debug|x86.Build.0 = Debug|Any CPU
		{05B3A7B5-3892-4A48-8684-835D98B02A4E}.Release|Any CPU.ActiveCfg = Release|Any CPU
		{05B3A7B5-3892-4A48-8684-835D98B02A4E}.Release|Any CPU.Build.0 = Release|Any CPU
		{05B3A7B5-3892-4A48-8684-835D98B02A4E}.Release|x64.ActiveCfg = Release|Any CPU
		{05B3A7B5-3892-4A48-8684-835D98B02A4E}.Release|x64.Build.0 = Release|Any CPU
		{05B3A7B5-3892-4A48-8684-835D98B02A4E}.Release|x86.ActiveCfg = Release|Any CPU
		{05B3A7B5-3892-4A48-8684-835D98B02A4E}.Release|x86.Build.0 = Release|Any CPU
		{990586AD-6F9D-404A-83BB-3CD98119DEB8}.Debug|Any CPU.ActiveCfg = Debug|Any CPU
		{990586AD-6F9D-404A-83BB-3CD98119DEB8}.Debug|Any CPU.Build.0 = Debug|Any CPU
		{990586AD-6F9D-404A-83BB-3CD98119DEB8}.Debug|x64.ActiveCfg = Debug|Any CPU
		{990586AD-6F9D-404A-83BB-3CD98119DEB8}.Debug|x64.Build.0 = Debug|Any CPU
		{990586AD-6F9D-404A-83BB-3CD98119DEB8}.Debug|x86.ActiveCfg = Debug|Any CPU
		{990586AD-6F9D-404A-83BB-3CD98119DEB8}.Debug|x86.Build.0 = Debug|Any CPU
		{990586AD-6F9D-404A-83BB-3CD98119DEB8}.Release|Any CPU.ActiveCfg = Release|Any CPU
		{990586AD-6F9D-404A-83BB-3CD98119DEB8}.Release|Any CPU.Build.0 = Release|Any CPU
		{990586AD-6F9D-404A-83BB-3CD98119DEB8}.Release|x64.ActiveCfg = Release|Any CPU
		{990586AD-6F9D-404A-83BB-3CD98119DEB8}.Release|x64.Build.0 = Release|Any CPU
		{990586AD-6F9D-404A-83BB-3CD98119DEB8}.Release|x86.ActiveCfg = Release|Any CPU
		{990586AD-6F9D-404A-83BB-3CD98119DEB8}.Release|x86.Build.0 = Release|Any CPU
		{701E6700-EA8B-4E76-A37C-FE05EB6DBD9E}.Debug|Any CPU.ActiveCfg = Debug|Any CPU
		{701E6700-EA8B-4E76-A37C-FE05EB6DBD9E}.Debug|Any CPU.Build.0 = Debug|Any CPU
		{701E6700-EA8B-4E76-A37C-FE05EB6DBD9E}.Debug|x64.ActiveCfg = Debug|Any CPU
		{701E6700-EA8B-4E76-A37C-FE05EB6DBD9E}.Debug|x64.Build.0 = Debug|Any CPU
		{701E6700-EA8B-4E76-A37C-FE05EB6DBD9E}.Debug|x86.ActiveCfg = Debug|Any CPU
		{701E6700-EA8B-4E76-A37C-FE05EB6DBD9E}.Debug|x86.Build.0 = Debug|Any CPU
		{701E6700-EA8B-4E76-A37C-FE05EB6DBD9E}.Release|Any CPU.ActiveCfg = Release|Any CPU
		{701E6700-EA8B-4E76-A37C-FE05EB6DBD9E}.Release|Any CPU.Build.0 = Release|Any CPU
		{701E6700-EA8B-4E76-A37C-FE05EB6DBD9E}.Release|x64.ActiveCfg = Release|Any CPU
		{701E6700-EA8B-4E76-A37C-FE05EB6DBD9E}.Release|x64.Build.0 = Release|Any CPU
		{701E6700-EA8B-4E76-A37C-FE05EB6DBD9E}.Release|x86.ActiveCfg = Release|Any CPU
		{701E6700-EA8B-4E76-A37C-FE05EB6DBD9E}.Release|x86.Build.0 = Release|Any CPU
		{360D3A0C-333B-4768-93B1-3D028362D5BC}.Debug|Any CPU.ActiveCfg = Debug|Any CPU
		{360D3A0C-333B-4768-93B1-3D028362D5BC}.Debug|Any CPU.Build.0 = Debug|Any CPU
		{360D3A0C-333B-4768-93B1-3D028362D5BC}.Debug|x64.ActiveCfg = Debug|Any CPU
		{360D3A0C-333B-4768-93B1-3D028362D5BC}.Debug|x64.Build.0 = Debug|Any CPU
		{360D3A0C-333B-4768-93B1-3D028362D5BC}.Debug|x86.ActiveCfg = Debug|Any CPU
		{360D3A0C-333B-4768-93B1-3D028362D5BC}.Debug|x86.Build.0 = Debug|Any CPU
		{360D3A0C-333B-4768-93B1-3D028362D5BC}.Release|Any CPU.ActiveCfg = Release|Any CPU
		{360D3A0C-333B-4768-93B1-3D028362D5BC}.Release|Any CPU.Build.0 = Release|Any CPU
		{360D3A0C-333B-4768-93B1-3D028362D5BC}.Release|x64.ActiveCfg = Release|Any CPU
		{360D3A0C-333B-4768-93B1-3D028362D5BC}.Release|x64.Build.0 = Release|Any CPU
		{360D3A0C-333B-4768-93B1-3D028362D5BC}.Release|x86.ActiveCfg = Release|Any CPU
		{360D3A0C-333B-4768-93B1-3D028362D5BC}.Release|x86.Build.0 = Release|Any CPU
		{4E62A3A7-0DE0-4B88-89EC-BE4BBBC1D1C9}.Debug|Any CPU.ActiveCfg = Debug|Any CPU
		{4E62A3A7-0DE0-4B88-89EC-BE4BBBC1D1C9}.Debug|Any CPU.Build.0 = Debug|Any CPU
		{4E62A3A7-0DE0-4B88-89EC-BE4BBBC1D1C9}.Debug|x64.ActiveCfg = Debug|Any CPU
		{4E62A3A7-0DE0-4B88-89EC-BE4BBBC1D1C9}.Debug|x64.Build.0 = Debug|Any CPU
		{4E62A3A7-0DE0-4B88-89EC-BE4BBBC1D1C9}.Debug|x86.ActiveCfg = Debug|Any CPU
		{4E62A3A7-0DE0-4B88-89EC-BE4BBBC1D1C9}.Debug|x86.Build.0 = Debug|Any CPU
		{4E62A3A7-0DE0-4B88-89EC-BE4BBBC1D1C9}.Release|Any CPU.ActiveCfg = Release|Any CPU
		{4E62A3A7-0DE0-4B88-89EC-BE4BBBC1D1C9}.Release|Any CPU.Build.0 = Release|Any CPU
		{4E62A3A7-0DE0-4B88-89EC-BE4BBBC1D1C9}.Release|x64.ActiveCfg = Release|Any CPU
		{4E62A3A7-0DE0-4B88-89EC-BE4BBBC1D1C9}.Release|x64.Build.0 = Release|Any CPU
		{4E62A3A7-0DE0-4B88-89EC-BE4BBBC1D1C9}.Release|x86.ActiveCfg = Release|Any CPU
		{4E62A3A7-0DE0-4B88-89EC-BE4BBBC1D1C9}.Release|x86.Build.0 = Release|Any CPU
		{AB0FFF91-8E80-4A04-8891-ABB1881E2921}.Debug|Any CPU.ActiveCfg = Debug|Any CPU
		{AB0FFF91-8E80-4A04-8891-ABB1881E2921}.Debug|Any CPU.Build.0 = Debug|Any CPU
		{AB0FFF91-8E80-4A04-8891-ABB1881E2921}.Debug|x64.ActiveCfg = Debug|Any CPU
		{AB0FFF91-8E80-4A04-8891-ABB1881E2921}.Debug|x64.Build.0 = Debug|Any CPU
		{AB0FFF91-8E80-4A04-8891-ABB1881E2921}.Debug|x86.ActiveCfg = Debug|Any CPU
		{AB0FFF91-8E80-4A04-8891-ABB1881E2921}.Debug|x86.Build.0 = Debug|Any CPU
		{AB0FFF91-8E80-4A04-8891-ABB1881E2921}.Release|Any CPU.ActiveCfg = Release|Any CPU
		{AB0FFF91-8E80-4A04-8891-ABB1881E2921}.Release|Any CPU.Build.0 = Release|Any CPU
		{AB0FFF91-8E80-4A04-8891-ABB1881E2921}.Release|x64.ActiveCfg = Release|Any CPU
		{AB0FFF91-8E80-4A04-8891-ABB1881E2921}.Release|x64.Build.0 = Release|Any CPU
		{AB0FFF91-8E80-4A04-8891-ABB1881E2921}.Release|x86.ActiveCfg = Release|Any CPU
		{AB0FFF91-8E80-4A04-8891-ABB1881E2921}.Release|x86.Build.0 = Release|Any CPU
		{D01C4F6B-3A84-4CE5-98D9-3860A9205F2C}.Debug|Any CPU.ActiveCfg = Debug|Any CPU
		{D01C4F6B-3A84-4CE5-98D9-3860A9205F2C}.Debug|Any CPU.Build.0 = Debug|Any CPU
		{D01C4F6B-3A84-4CE5-98D9-3860A9205F2C}.Debug|x64.ActiveCfg = Debug|Any CPU
		{D01C4F6B-3A84-4CE5-98D9-3860A9205F2C}.Debug|x64.Build.0 = Debug|Any CPU
		{D01C4F6B-3A84-4CE5-98D9-3860A9205F2C}.Debug|x86.ActiveCfg = Debug|Any CPU
		{D01C4F6B-3A84-4CE5-98D9-3860A9205F2C}.Debug|x86.Build.0 = Debug|Any CPU
		{D01C4F6B-3A84-4CE5-98D9-3860A9205F2C}.Release|Any CPU.ActiveCfg = Release|Any CPU
		{D01C4F6B-3A84-4CE5-98D9-3860A9205F2C}.Release|Any CPU.Build.0 = Release|Any CPU
		{D01C4F6B-3A84-4CE5-98D9-3860A9205F2C}.Release|x64.ActiveCfg = Release|Any CPU
		{D01C4F6B-3A84-4CE5-98D9-3860A9205F2C}.Release|x64.Build.0 = Release|Any CPU
		{D01C4F6B-3A84-4CE5-98D9-3860A9205F2C}.Release|x86.ActiveCfg = Release|Any CPU
		{D01C4F6B-3A84-4CE5-98D9-3860A9205F2C}.Release|x86.Build.0 = Release|Any CPU
		{88974A36-6A29-4CA5-9D08-E4C018A64ACB}.Debug|Any CPU.ActiveCfg = Debug|Any CPU
		{88974A36-6A29-4CA5-9D08-E4C018A64ACB}.Debug|Any CPU.Build.0 = Debug|Any CPU
		{88974A36-6A29-4CA5-9D08-E4C018A64ACB}.Debug|x64.ActiveCfg = Debug|Any CPU
		{88974A36-6A29-4CA5-9D08-E4C018A64ACB}.Debug|x64.Build.0 = Debug|Any CPU
		{88974A36-6A29-4CA5-9D08-E4C018A64ACB}.Debug|x86.ActiveCfg = Debug|Any CPU
		{88974A36-6A29-4CA5-9D08-E4C018A64ACB}.Debug|x86.Build.0 = Debug|Any CPU
		{88974A36-6A29-4CA5-9D08-E4C018A64ACB}.Release|Any CPU.ActiveCfg = Release|Any CPU
		{88974A36-6A29-4CA5-9D08-E4C018A64ACB}.Release|Any CPU.Build.0 = Release|Any CPU
		{88974A36-6A29-4CA5-9D08-E4C018A64ACB}.Release|x64.ActiveCfg = Release|Any CPU
		{88974A36-6A29-4CA5-9D08-E4C018A64ACB}.Release|x64.Build.0 = Release|Any CPU
		{88974A36-6A29-4CA5-9D08-E4C018A64ACB}.Release|x86.ActiveCfg = Release|Any CPU
		{88974A36-6A29-4CA5-9D08-E4C018A64ACB}.Release|x86.Build.0 = Release|Any CPU
		{C0E9C47F-55F2-471F-A30B-83795BDCEF61}.Debug|Any CPU.ActiveCfg = Debug|Any CPU
		{C0E9C47F-55F2-471F-A30B-83795BDCEF61}.Debug|Any CPU.Build.0 = Debug|Any CPU
		{C0E9C47F-55F2-471F-A30B-83795BDCEF61}.Debug|x64.ActiveCfg = Debug|Any CPU
		{C0E9C47F-55F2-471F-A30B-83795BDCEF61}.Debug|x64.Build.0 = Debug|Any CPU
		{C0E9C47F-55F2-471F-A30B-83795BDCEF61}.Debug|x86.ActiveCfg = Debug|Any CPU
		{C0E9C47F-55F2-471F-A30B-83795BDCEF61}.Debug|x86.Build.0 = Debug|Any CPU
		{C0E9C47F-55F2-471F-A30B-83795BDCEF61}.Release|Any CPU.ActiveCfg = Release|Any CPU
		{C0E9C47F-55F2-471F-A30B-83795BDCEF61}.Release|Any CPU.Build.0 = Release|Any CPU
		{C0E9C47F-55F2-471F-A30B-83795BDCEF61}.Release|x64.ActiveCfg = Release|Any CPU
		{C0E9C47F-55F2-471F-A30B-83795BDCEF61}.Release|x64.Build.0 = Release|Any CPU
		{C0E9C47F-55F2-471F-A30B-83795BDCEF61}.Release|x86.ActiveCfg = Release|Any CPU
		{C0E9C47F-55F2-471F-A30B-83795BDCEF61}.Release|x86.Build.0 = Release|Any CPU
		{985FC74A-F20B-430B-A953-16309D53B852}.Debug|Any CPU.ActiveCfg = Debug|Any CPU
		{985FC74A-F20B-430B-A953-16309D53B852}.Debug|Any CPU.Build.0 = Debug|Any CPU
		{985FC74A-F20B-430B-A953-16309D53B852}.Debug|x64.ActiveCfg = Debug|Any CPU
		{985FC74A-F20B-430B-A953-16309D53B852}.Debug|x64.Build.0 = Debug|Any CPU
		{985FC74A-F20B-430B-A953-16309D53B852}.Debug|x86.ActiveCfg = Debug|Any CPU
		{985FC74A-F20B-430B-A953-16309D53B852}.Debug|x86.Build.0 = Debug|Any CPU
		{985FC74A-F20B-430B-A953-16309D53B852}.Release|Any CPU.ActiveCfg = Release|Any CPU
		{985FC74A-F20B-430B-A953-16309D53B852}.Release|Any CPU.Build.0 = Release|Any CPU
		{985FC74A-F20B-430B-A953-16309D53B852}.Release|x64.ActiveCfg = Release|Any CPU
		{985FC74A-F20B-430B-A953-16309D53B852}.Release|x64.Build.0 = Release|Any CPU
		{985FC74A-F20B-430B-A953-16309D53B852}.Release|x86.ActiveCfg = Release|Any CPU
		{985FC74A-F20B-430B-A953-16309D53B852}.Release|x86.Build.0 = Release|Any CPU
		{8B5F9FC6-8D85-4828-ACAE-F954F9459ED0}.Debug|Any CPU.ActiveCfg = Debug|Any CPU
		{8B5F9FC6-8D85-4828-ACAE-F954F9459ED0}.Debug|Any CPU.Build.0 = Debug|Any CPU
		{8B5F9FC6-8D85-4828-ACAE-F954F9459ED0}.Debug|x64.ActiveCfg = Debug|Any CPU
		{8B5F9FC6-8D85-4828-ACAE-F954F9459ED0}.Debug|x64.Build.0 = Debug|Any CPU
		{8B5F9FC6-8D85-4828-ACAE-F954F9459ED0}.Debug|x86.ActiveCfg = Debug|Any CPU
		{8B5F9FC6-8D85-4828-ACAE-F954F9459ED0}.Debug|x86.Build.0 = Debug|Any CPU
		{8B5F9FC6-8D85-4828-ACAE-F954F9459ED0}.Release|Any CPU.ActiveCfg = Release|Any CPU
		{8B5F9FC6-8D85-4828-ACAE-F954F9459ED0}.Release|Any CPU.Build.0 = Release|Any CPU
		{8B5F9FC6-8D85-4828-ACAE-F954F9459ED0}.Release|x64.ActiveCfg = Release|Any CPU
		{8B5F9FC6-8D85-4828-ACAE-F954F9459ED0}.Release|x64.Build.0 = Release|Any CPU
		{8B5F9FC6-8D85-4828-ACAE-F954F9459ED0}.Release|x86.ActiveCfg = Release|Any CPU
		{8B5F9FC6-8D85-4828-ACAE-F954F9459ED0}.Release|x86.Build.0 = Release|Any CPU
	EndGlobalSection
	GlobalSection(SolutionProperties) = preSolution
		HideSolutionNode = FALSE
	EndGlobalSection
	GlobalSection(NestedProjects) = preSolution
		{05B3A7B5-3892-4A48-8684-835D98B02A4E} = {DBDBBDB0-C46E-11EB-85D2-F5DF8E83D940}
		{701E6700-EA8B-4E76-A37C-FE05EB6DBD9E} = {DBDBBDB0-C46E-11EB-85D2-F5DF8E83D940}
		{4E62A3A7-0DE0-4B88-89EC-BE4BBBC1D1C9} = {3F2B0E5D-E533-4ACA-87A3-B4C5D405EEFF}
		{AB0FFF91-8E80-4A04-8891-ABB1881E2921} = {3F2B0E5D-E533-4ACA-87A3-B4C5D405EEFF}
		{D01C4F6B-3A84-4CE5-98D9-3860A9205F2C} = {DBDBBDB0-C46E-11EB-85D2-F5DF8E83D940}
		{88974A36-6A29-4CA5-9D08-E4C018A64ACB} = {DBDBBDB0-C46E-11EB-85D2-F5DF8E83D940}
		{C0E9C47F-55F2-471F-A30B-83795BDCEF61} = {DBDBBDB0-C46E-11EB-85D2-F5DF8E83D940}
		{8B5F9FC6-8D85-4828-ACAE-F954F9459ED0} = {DBDBBDB0-C46E-11EB-85D2-F5DF8E83D940}
	EndGlobalSection
	GlobalSection(ExtensibilityGlobals) = postSolution
		SolutionGuid = {EEAAC052-DCD6-4F9E-BCD3-90DD2341CBEC}
	EndGlobalSection
EndGlobal
