
Microsoft Visual Studio Solution File, Format Version 12.00
Project("{FAE04EC0-301F-11D3-BF4B-00C04F79EFBC}") = "Clima.NetworkServer", "Clima.NetworkServer\Clima.NetworkServer.csproj", "{FCCA7736-B00D-4383-AE08-8436F98983B9}"
EndProject
Project("{FAE04EC0-301F-11D3-BF4B-00C04F79EFBC}") = "Clima.NetworkServer.Transport.TcpSocket", "Clima.NetworkServer.Transport.TcpSocket\Clima.NetworkServer.Transport.TcpSocket.csproj", "{10361142-20D2-4760-8CD3-CE81397F1F2B}"
EndProject
Project("{FAE04EC0-301F-11D3-BF4B-00C04F79EFBC}") = "Clima.NetworkServer.Serialization.Newtonsoft", "Clima.NetworkServer.Serialization.Newtonsoft\Clima.NetworkServer.Serialization.Newtonsoft.csproj", "{C7612002-A7DD-46A3-B07A-70815D812A49}"
EndProject
Global
	GlobalSection(SolutionConfigurationPlatforms) = preSolution
		Debug|Any CPU = Debug|Any CPU
		Release|Any CPU = Release|Any CPU
	EndGlobalSection
	GlobalSection(ProjectConfigurationPlatforms) = postSolution
		{FCCA7736-B00D-4383-AE08-8436F98983B9}.Debug|Any CPU.ActiveCfg = Debug|Any CPU
		{FCCA7736-B00D-4383-AE08-8436F98983B9}.Debug|Any CPU.Build.0 = Debug|Any CPU
		{FCCA7736-B00D-4383-AE08-8436F98983B9}.Release|Any CPU.ActiveCfg = Release|Any CPU
		{FCCA7736-B00D-4383-AE08-8436F98983B9}.Release|Any CPU.Build.0 = Release|Any CPU
		{10361142-20D2-4760-8CD3-CE81397F1F2B}.Debug|Any CPU.ActiveCfg = Debug|Any CPU
		{10361142-20D2-4760-8CD3-CE81397F1F2B}.Debug|Any CPU.Build.0 = Debug|Any CPU
		{10361142-20D2-4760-8CD3-CE81397F1F2B}.Release|Any CPU.ActiveCfg = Release|Any CPU
		{10361142-20D2-4760-8CD3-CE81397F1F2B}.Release|Any CPU.Build.0 = Release|Any CPU
		{C7612002-A7DD-46A3-B07A-70815D812A49}.Debug|Any CPU.ActiveCfg = Debug|Any CPU
		{C7612002-A7DD-46A3-B07A-70815D812A49}.Debug|Any CPU.Build.0 = Debug|Any CPU
		{C7612002-A7DD-46A3-B07A-70815D812A49}.Release|Any CPU.ActiveCfg = Release|Any CPU
		{C7612002-A7DD-46A3-B07A-70815D812A49}.Release|Any CPU.Build.0 = Release|Any CPU
	EndGlobalSection
EndGlobal
